// !$*UTF8*$!
{
	archiveVersion = 1;
	classes = {
	};
	objectVersion = 54;
	objects = {

/* Begin PBXBuildFile section */
		00085A6924D913E5004F6BFF /* HomeViewRow.swift in Sources */ = {isa = PBXBuildFile; fileRef = 00085A6824D913E5004F6BFF /* HomeViewRow.swift */; };
		001E04A2251675FD00CEF2F9 /* AboutView.swift in Sources */ = {isa = PBXBuildFile; fileRef = 001E04A1251675FD00CEF2F9 /* AboutView.swift */; };
		001E04AE25167D8B00CEF2F9 /* Stock.swift in Sources */ = {isa = PBXBuildFile; fileRef = 001E04AD25167D8B00CEF2F9 /* Stock.swift */; };
		001E04B325167DB500CEF2F9 /* News.swift in Sources */ = {isa = PBXBuildFile; fileRef = 001E04B225167DB500CEF2F9 /* News.swift */; };
		001E04B825167DE400CEF2F9 /* Chart.swift in Sources */ = {isa = PBXBuildFile; fileRef = 001E04B725167DE400CEF2F9 /* Chart.swift */; };
		001E05102516BB2200CEF2F9 /* Response.swift in Sources */ = {isa = PBXBuildFile; fileRef = 001E050F2516BB2200CEF2F9 /* Response.swift */; };
		001E05162516BD9D00CEF2F9 /* CodableExtension.swift in Sources */ = {isa = PBXBuildFile; fileRef = 001E05152516BD9D00CEF2F9 /* CodableExtension.swift */; };
		001E051B25179F9200CEF2F9 /* DecodedArray.swift in Sources */ = {isa = PBXBuildFile; fileRef = 001E051A25179F9100CEF2F9 /* DecodedArray.swift */; };
		0025069625139243009CCB1B /* RESTManager.swift in Sources */ = {isa = PBXBuildFile; fileRef = 0025069525139243009CCB1B /* RESTManager.swift */; };
		0025069825139459009CCB1B /* WatchList.swift in Sources */ = {isa = PBXBuildFile; fileRef = 0025069725139459009CCB1B /* WatchList.swift */; };
		0025069A25139B78009CCB1B /* StockList.swift in Sources */ = {isa = PBXBuildFile; fileRef = 0025069925139B78009CCB1B /* StockList.swift */; };
		002506A02515033A009CCB1B /* RefreshableScrollView.swift in Sources */ = {isa = PBXBuildFile; fileRef = 0025069F2515033A009CCB1B /* RefreshableScrollView.swift */; };
		0030FB412510FA8D000715D9 /* DetailView.swift in Sources */ = {isa = PBXBuildFile; fileRef = 0030FB402510FA8D000715D9 /* DetailView.swift */; };
		005A928224D133F800EAD474 /* HomeView.swift in Sources */ = {isa = PBXBuildFile; fileRef = 005A928124D133F800EAD474 /* HomeView.swift */; };
		005C87E924D46C8A00A827C3 /* Keys.plist in Resources */ = {isa = PBXBuildFile; fileRef = 005C87E824D46C8A00A827C3 /* Keys.plist */; };
		00ABFD0724C90E8D0061CA23 /* exportOptions.plist in Resources */ = {isa = PBXBuildFile; fileRef = 00ABFD0624C90E8D0061CA23 /* exportOptions.plist */; };
		00F4A90524DC5978000EA651 /* Quote.swift in Sources */ = {isa = PBXBuildFile; fileRef = 00F4A90424DC5978000EA651 /* Quote.swift */; };
		637315DF24C54C8F00D88F29 /* AppDelegate.swift in Sources */ = {isa = PBXBuildFile; fileRef = 637315DE24C54C8F00D88F29 /* AppDelegate.swift */; };
		637315E124C54C8F00D88F29 /* SceneDelegate.swift in Sources */ = {isa = PBXBuildFile; fileRef = 637315E024C54C8F00D88F29 /* SceneDelegate.swift */; };
		637315E424C54C8F00D88F29 /* StockWatcher.xcdatamodeld in Sources */ = {isa = PBXBuildFile; fileRef = 637315E224C54C8F00D88F29 /* StockWatcher.xcdatamodeld */; };
		637315E824C54C9300D88F29 /* Assets.xcassets in Resources */ = {isa = PBXBuildFile; fileRef = 637315E724C54C9300D88F29 /* Assets.xcassets */; };
		637315EB24C54C9300D88F29 /* Preview Assets.xcassets in Resources */ = {isa = PBXBuildFile; fileRef = 637315EA24C54C9300D88F29 /* Preview Assets.xcassets */; };
		637315EE24C54C9300D88F29 /* LaunchScreen.storyboard in Resources */ = {isa = PBXBuildFile; fileRef = 637315EC24C54C9300D88F29 /* LaunchScreen.storyboard */; };
		637315F924C54C9400D88F29 /* StockWatcherTests.swift in Sources */ = {isa = PBXBuildFile; fileRef = 637315F824C54C9400D88F29 /* StockWatcherTests.swift */; };
		6373160424C54C9400D88F29 /* StockWatcherUITests.swift in Sources */ = {isa = PBXBuildFile; fileRef = 6373160324C54C9400D88F29 /* StockWatcherUITests.swift */; };
/* End PBXBuildFile section */

/* Begin PBXContainerItemProxy section */
		637315F524C54C9400D88F29 /* PBXContainerItemProxy */ = {
			isa = PBXContainerItemProxy;
			containerPortal = 637315D324C54C8F00D88F29 /* Project object */;
			proxyType = 1;
			remoteGlobalIDString = 637315DA24C54C8F00D88F29;
			remoteInfo = StockWatcher;
		};
		6373160024C54C9400D88F29 /* PBXContainerItemProxy */ = {
			isa = PBXContainerItemProxy;
			containerPortal = 637315D324C54C8F00D88F29 /* Project object */;
			proxyType = 1;
			remoteGlobalIDString = 637315DA24C54C8F00D88F29;
			remoteInfo = StockWatcher;
		};
/* End PBXContainerItemProxy section */

/* Begin PBXFileReference section */
		00085A6824D913E5004F6BFF /* HomeViewRow.swift */ = {isa = PBXFileReference; lastKnownFileType = sourcecode.swift; path = HomeViewRow.swift; sourceTree = "<group>"; };
		001E04A1251675FD00CEF2F9 /* AboutView.swift */ = {isa = PBXFileReference; lastKnownFileType = sourcecode.swift; path = AboutView.swift; sourceTree = "<group>"; };
		001E04AD25167D8B00CEF2F9 /* Stock.swift */ = {isa = PBXFileReference; lastKnownFileType = sourcecode.swift; path = Stock.swift; sourceTree = "<group>"; };
		001E04B225167DB500CEF2F9 /* News.swift */ = {isa = PBXFileReference; lastKnownFileType = sourcecode.swift; path = News.swift; sourceTree = "<group>"; };
		001E04B725167DE400CEF2F9 /* Chart.swift */ = {isa = PBXFileReference; lastKnownFileType = sourcecode.swift; path = Chart.swift; sourceTree = "<group>"; };
		001E050F2516BB2200CEF2F9 /* Response.swift */ = {isa = PBXFileReference; lastKnownFileType = sourcecode.swift; path = Response.swift; sourceTree = "<group>"; };
		001E05152516BD9D00CEF2F9 /* CodableExtension.swift */ = {isa = PBXFileReference; lastKnownFileType = sourcecode.swift; path = CodableExtension.swift; sourceTree = "<group>"; };
		001E051A25179F9100CEF2F9 /* DecodedArray.swift */ = {isa = PBXFileReference; lastKnownFileType = sourcecode.swift; path = DecodedArray.swift; sourceTree = "<group>"; };
		0025069525139243009CCB1B /* RESTManager.swift */ = {isa = PBXFileReference; lastKnownFileType = sourcecode.swift; path = RESTManager.swift; sourceTree = "<group>"; };
		0025069725139459009CCB1B /* WatchList.swift */ = {isa = PBXFileReference; lastKnownFileType = sourcecode.swift; path = WatchList.swift; sourceTree = "<group>"; };
		0025069925139B78009CCB1B /* StockList.swift */ = {isa = PBXFileReference; lastKnownFileType = sourcecode.swift; path = StockList.swift; sourceTree = "<group>"; };
		0025069F2515033A009CCB1B /* RefreshableScrollView.swift */ = {isa = PBXFileReference; lastKnownFileType = sourcecode.swift; path = RefreshableScrollView.swift; sourceTree = "<group>"; };
		0030FB402510FA8D000715D9 /* DetailView.swift */ = {isa = PBXFileReference; lastKnownFileType = sourcecode.swift; path = DetailView.swift; sourceTree = "<group>"; };
		005A928124D133F800EAD474 /* HomeView.swift */ = {isa = PBXFileReference; lastKnownFileType = sourcecode.swift; path = HomeView.swift; sourceTree = "<group>"; };
		005C87E824D46C8A00A827C3 /* Keys.plist */ = {isa = PBXFileReference; lastKnownFileType = text.plist.xml; path = Keys.plist; sourceTree = "<group>"; };
		00ABFD0624C90E8D0061CA23 /* exportOptions.plist */ = {isa = PBXFileReference; lastKnownFileType = text.plist; path = exportOptions.plist; sourceTree = "<group>"; };
		00F4A90424DC5978000EA651 /* Quote.swift */ = {isa = PBXFileReference; lastKnownFileType = sourcecode.swift; path = Quote.swift; sourceTree = "<group>"; };
		637315DB24C54C8F00D88F29 /* StockWatcher.app */ = {isa = PBXFileReference; explicitFileType = wrapper.application; includeInIndex = 0; path = StockWatcher.app; sourceTree = BUILT_PRODUCTS_DIR; };
		637315DE24C54C8F00D88F29 /* AppDelegate.swift */ = {isa = PBXFileReference; lastKnownFileType = sourcecode.swift; path = AppDelegate.swift; sourceTree = "<group>"; };
		637315E024C54C8F00D88F29 /* SceneDelegate.swift */ = {isa = PBXFileReference; lastKnownFileType = sourcecode.swift; path = SceneDelegate.swift; sourceTree = "<group>"; };
		637315E324C54C8F00D88F29 /* StockWatcher.xcdatamodel */ = {isa = PBXFileReference; lastKnownFileType = wrapper.xcdatamodel; path = StockWatcher.xcdatamodel; sourceTree = "<group>"; };
		637315E724C54C9300D88F29 /* Assets.xcassets */ = {isa = PBXFileReference; lastKnownFileType = folder.assetcatalog; path = Assets.xcassets; sourceTree = "<group>"; };
		637315EA24C54C9300D88F29 /* Preview Assets.xcassets */ = {isa = PBXFileReference; lastKnownFileType = folder.assetcatalog; path = "Preview Assets.xcassets"; sourceTree = "<group>"; };
		637315ED24C54C9300D88F29 /* Base */ = {isa = PBXFileReference; lastKnownFileType = file.storyboard; name = Base; path = Base.lproj/LaunchScreen.storyboard; sourceTree = "<group>"; };
		637315EF24C54C9300D88F29 /* Info.plist */ = {isa = PBXFileReference; lastKnownFileType = text.plist.xml; path = Info.plist; sourceTree = "<group>"; };
		637315F424C54C9400D88F29 /* StockWatcherTests.xctest */ = {isa = PBXFileReference; explicitFileType = wrapper.cfbundle; includeInIndex = 0; path = StockWatcherTests.xctest; sourceTree = BUILT_PRODUCTS_DIR; };
		637315F824C54C9400D88F29 /* StockWatcherTests.swift */ = {isa = PBXFileReference; lastKnownFileType = sourcecode.swift; path = StockWatcherTests.swift; sourceTree = "<group>"; };
		637315FA24C54C9400D88F29 /* Info.plist */ = {isa = PBXFileReference; lastKnownFileType = text.plist.xml; path = Info.plist; sourceTree = "<group>"; };
		637315FF24C54C9400D88F29 /* StockWatcherUITests.xctest */ = {isa = PBXFileReference; explicitFileType = wrapper.cfbundle; includeInIndex = 0; path = StockWatcherUITests.xctest; sourceTree = BUILT_PRODUCTS_DIR; };
		6373160324C54C9400D88F29 /* StockWatcherUITests.swift */ = {isa = PBXFileReference; lastKnownFileType = sourcecode.swift; path = StockWatcherUITests.swift; sourceTree = "<group>"; };
		6373160524C54C9400D88F29 /* Info.plist */ = {isa = PBXFileReference; lastKnownFileType = text.plist.xml; path = Info.plist; sourceTree = "<group>"; };
/* End PBXFileReference section */

/* Begin PBXFrameworksBuildPhase section */
		637315D824C54C8F00D88F29 /* Frameworks */ = {
			isa = PBXFrameworksBuildPhase;
			buildActionMask = 2147483647;
			files = (
			);
			runOnlyForDeploymentPostprocessing = 0;
		};
		637315F124C54C9400D88F29 /* Frameworks */ = {
			isa = PBXFrameworksBuildPhase;
			buildActionMask = 2147483647;
			files = (
			);
			runOnlyForDeploymentPostprocessing = 0;
		};
		637315FC24C54C9400D88F29 /* Frameworks */ = {
			isa = PBXFrameworksBuildPhase;
			buildActionMask = 2147483647;
			files = (
			);
			runOnlyForDeploymentPostprocessing = 0;
		};
/* End PBXFrameworksBuildPhase section */

/* Begin PBXGroup section */
		001E04A62516760200CEF2F9 /* About */ = {
			isa = PBXGroup;
			children = (
				001E04A1251675FD00CEF2F9 /* AboutView.swift */,
			);
			path = About;
			sourceTree = "<group>";
		};
		001E05142516BD8200CEF2F9 /* Exrensions */ = {
			isa = PBXGroup;
			children = (
				001E05152516BD9D00CEF2F9 /* CodableExtension.swift */,
				001E051A25179F9100CEF2F9 /* DecodedArray.swift */,
			);
			path = Exrensions;
			sourceTree = "<group>";
		};
		00269C8324D857910082E211 /* Screens */ = {
			isa = PBXGroup;
			children = (
				001E04A62516760200CEF2F9 /* About */,
				0030FB3F2510FA71000715D9 /* Detail */,
				005A928324D1340200EAD474 /* Home */,
			);
			path = Screens;
			sourceTree = "<group>";
		};
		0030FB3F2510FA71000715D9 /* Detail */ = {
			isa = PBXGroup;
			children = (
				0030FB402510FA8D000715D9 /* DetailView.swift */,
			);
			path = Detail;
			sourceTree = "<group>";
		};
		005A928324D1340200EAD474 /* Home */ = {
			isa = PBXGroup;
			children = (
				005A928124D133F800EAD474 /* HomeView.swift */,
				00085A6824D913E5004F6BFF /* HomeViewRow.swift */,
			);
			path = Home;
			sourceTree = "<group>";
		};
		005A928724D1352C00EAD474 /* Managers */ = {
			isa = PBXGroup;
			children = (
				0025069525139243009CCB1B /* RESTManager.swift */,
			);
			path = Managers;
			sourceTree = "<group>";
		};
		005A928A24D13D7D00EAD474 /* Models */ = {
			isa = PBXGroup;
			children = (
				00F4A90424DC5978000EA651 /* Quote.swift */,
				0025069725139459009CCB1B /* WatchList.swift */,
				0025069925139B78009CCB1B /* StockList.swift */,
				0025069F2515033A009CCB1B /* RefreshableScrollView.swift */,
				001E04AD25167D8B00CEF2F9 /* Stock.swift */,
				001E04B225167DB500CEF2F9 /* News.swift */,
				001E04B725167DE400CEF2F9 /* Chart.swift */,
				001E050F2516BB2200CEF2F9 /* Response.swift */,
			);
			path = Models;
			sourceTree = "<group>";
		};
		005C87EA24D46D2900A827C3 /* Property Files */ = {
			isa = PBXGroup;
			children = (
				637315EF24C54C9300D88F29 /* Info.plist */,
				005C87E824D46C8A00A827C3 /* Keys.plist */,
			);
			path = "Property Files";
			sourceTree = "<group>";
		};
		637315D224C54C8F00D88F29 = {
			isa = PBXGroup;
			children = (
				637315DD24C54C8F00D88F29 /* StockWatcher */,
				637315F724C54C9400D88F29 /* StockWatcherTests */,
				6373160224C54C9400D88F29 /* StockWatcherUITests */,
				637315DC24C54C8F00D88F29 /* Products */,
			);
			sourceTree = "<group>";
		};
		637315DC24C54C8F00D88F29 /* Products */ = {
			isa = PBXGroup;
			children = (
				637315DB24C54C8F00D88F29 /* StockWatcher.app */,
				637315F424C54C9400D88F29 /* StockWatcherTests.xctest */,
				637315FF24C54C9400D88F29 /* StockWatcherUITests.xctest */,
			);
			name = Products;
			sourceTree = "<group>";
		};
		637315DD24C54C8F00D88F29 /* StockWatcher */ = {
			isa = PBXGroup;
			children = (
				001E05142516BD8200CEF2F9 /* Exrensions */,
				00269C8324D857910082E211 /* Screens */,
				005C87EA24D46D2900A827C3 /* Property Files */,
				005A928724D1352C00EAD474 /* Managers */,
				005A928A24D13D7D00EAD474 /* Models */,
				637315DE24C54C8F00D88F29 /* AppDelegate.swift */,
				637315E024C54C8F00D88F29 /* SceneDelegate.swift */,
				637315E724C54C9300D88F29 /* Assets.xcassets */,
				637315EC24C54C9300D88F29 /* LaunchScreen.storyboard */,
				00ABFD0624C90E8D0061CA23 /* exportOptions.plist */,
				637315E224C54C8F00D88F29 /* StockWatcher.xcdatamodeld */,
				637315E924C54C9300D88F29 /* Preview Content */,
			);
			path = StockWatcher;
			sourceTree = "<group>";
		};
		637315E924C54C9300D88F29 /* Preview Content */ = {
			isa = PBXGroup;
			children = (
				637315EA24C54C9300D88F29 /* Preview Assets.xcassets */,
			);
			path = "Preview Content";
			sourceTree = "<group>";
		};
		637315F724C54C9400D88F29 /* StockWatcherTests */ = {
			isa = PBXGroup;
			children = (
				637315F824C54C9400D88F29 /* StockWatcherTests.swift */,
				637315FA24C54C9400D88F29 /* Info.plist */,
			);
			path = StockWatcherTests;
			sourceTree = "<group>";
		};
		6373160224C54C9400D88F29 /* StockWatcherUITests */ = {
			isa = PBXGroup;
			children = (
				6373160324C54C9400D88F29 /* StockWatcherUITests.swift */,
				6373160524C54C9400D88F29 /* Info.plist */,
			);
			path = StockWatcherUITests;
			sourceTree = "<group>";
		};
/* End PBXGroup section */

/* Begin PBXNativeTarget section */
		637315DA24C54C8F00D88F29 /* StockWatcher */ = {
			isa = PBXNativeTarget;
			buildConfigurationList = 6373160824C54C9400D88F29 /* Build configuration list for PBXNativeTarget "StockWatcher" */;
			buildPhases = (
				637315D724C54C8F00D88F29 /* Sources */,
				637315D824C54C8F00D88F29 /* Frameworks */,
				637315D924C54C8F00D88F29 /* Resources */,
			);
			buildRules = (
			);
			dependencies = (
			);
			name = StockWatcher;
			productName = StockWatcher;
			productReference = 637315DB24C54C8F00D88F29 /* StockWatcher.app */;
			productType = "com.apple.product-type.application";
		};
		637315F324C54C9400D88F29 /* StockWatcherTests */ = {
			isa = PBXNativeTarget;
			buildConfigurationList = 6373160B24C54C9400D88F29 /* Build configuration list for PBXNativeTarget "StockWatcherTests" */;
			buildPhases = (
				637315F024C54C9400D88F29 /* Sources */,
				637315F124C54C9400D88F29 /* Frameworks */,
				637315F224C54C9400D88F29 /* Resources */,
			);
			buildRules = (
			);
			dependencies = (
				637315F624C54C9400D88F29 /* PBXTargetDependency */,
			);
			name = StockWatcherTests;
			productName = StockWatcherTests;
			productReference = 637315F424C54C9400D88F29 /* StockWatcherTests.xctest */;
			productType = "com.apple.product-type.bundle.unit-test";
		};
		637315FE24C54C9400D88F29 /* StockWatcherUITests */ = {
			isa = PBXNativeTarget;
			buildConfigurationList = 6373160E24C54C9400D88F29 /* Build configuration list for PBXNativeTarget "StockWatcherUITests" */;
			buildPhases = (
				637315FB24C54C9400D88F29 /* Sources */,
				637315FC24C54C9400D88F29 /* Frameworks */,
				637315FD24C54C9400D88F29 /* Resources */,
			);
			buildRules = (
			);
			dependencies = (
				6373160124C54C9400D88F29 /* PBXTargetDependency */,
			);
			name = StockWatcherUITests;
			productName = StockWatcherUITests;
			productReference = 637315FF24C54C9400D88F29 /* StockWatcherUITests.xctest */;
			productType = "com.apple.product-type.bundle.ui-testing";
		};
/* End PBXNativeTarget section */

/* Begin PBXProject section */
		637315D324C54C8F00D88F29 /* Project object */ = {
			isa = PBXProject;
			attributes = {
				LastSwiftUpdateCheck = 1150;
				LastUpgradeCheck = 1200;
				ORGANIZATIONNAME = "David Matousek";
				TargetAttributes = {
					637315DA24C54C8F00D88F29 = {
						CreatedOnToolsVersion = 11.5;
					};
					637315F324C54C9400D88F29 = {
						CreatedOnToolsVersion = 11.5;
						TestTargetID = 637315DA24C54C8F00D88F29;
					};
					637315FE24C54C9400D88F29 = {
						CreatedOnToolsVersion = 11.5;
						TestTargetID = 637315DA24C54C8F00D88F29;
					};
				};
			};
			buildConfigurationList = 637315D624C54C8F00D88F29 /* Build configuration list for PBXProject "StockWatcher" */;
			compatibilityVersion = "Xcode 12.0";
			developmentRegion = en;
			hasScannedForEncodings = 0;
			knownRegions = (
				en,
				Base,
			);
			mainGroup = 637315D224C54C8F00D88F29;
			productRefGroup = 637315DC24C54C8F00D88F29 /* Products */;
			projectDirPath = "";
			projectRoot = "";
			targets = (
				637315DA24C54C8F00D88F29 /* StockWatcher */,
				637315F324C54C9400D88F29 /* StockWatcherTests */,
				637315FE24C54C9400D88F29 /* StockWatcherUITests */,
			);
		};
/* End PBXProject section */

/* Begin PBXResourcesBuildPhase section */
		637315D924C54C8F00D88F29 /* Resources */ = {
			isa = PBXResourcesBuildPhase;
			buildActionMask = 2147483647;
			files = (
				637315EE24C54C9300D88F29 /* LaunchScreen.storyboard in Resources */,
				637315EB24C54C9300D88F29 /* Preview Assets.xcassets in Resources */,
				637315E824C54C9300D88F29 /* Assets.xcassets in Resources */,
				00ABFD0724C90E8D0061CA23 /* exportOptions.plist in Resources */,
				005C87E924D46C8A00A827C3 /* Keys.plist in Resources */,
			);
			runOnlyForDeploymentPostprocessing = 0;
		};
		637315F224C54C9400D88F29 /* Resources */ = {
			isa = PBXResourcesBuildPhase;
			buildActionMask = 2147483647;
			files = (
			);
			runOnlyForDeploymentPostprocessing = 0;
		};
		637315FD24C54C9400D88F29 /* Resources */ = {
			isa = PBXResourcesBuildPhase;
			buildActionMask = 2147483647;
			files = (
			);
			runOnlyForDeploymentPostprocessing = 0;
		};
/* End PBXResourcesBuildPhase section */

/* Begin PBXSourcesBuildPhase section */
		637315D724C54C8F00D88F29 /* Sources */ = {
			isa = PBXSourcesBuildPhase;
			buildActionMask = 2147483647;
			files = (
				0030FB412510FA8D000715D9 /* DetailView.swift in Sources */,
				0025069625139243009CCB1B /* RESTManager.swift in Sources */,
				00085A6924D913E5004F6BFF /* HomeViewRow.swift in Sources */,
				0025069825139459009CCB1B /* WatchList.swift in Sources */,
				001E04B325167DB500CEF2F9 /* News.swift in Sources */,
				001E05162516BD9D00CEF2F9 /* CodableExtension.swift in Sources */,
				001E051B25179F9200CEF2F9 /* DecodedArray.swift in Sources */,
				001E04B825167DE400CEF2F9 /* Chart.swift in Sources */,
				001E04AE25167D8B00CEF2F9 /* Stock.swift in Sources */,
				001E04A2251675FD00CEF2F9 /* AboutView.swift in Sources */,
				001E05102516BB2200CEF2F9 /* Response.swift in Sources */,
				0025069A25139B78009CCB1B /* StockList.swift in Sources */,
				00F4A90524DC5978000EA651 /* Quote.swift in Sources */,
				637315DF24C54C8F00D88F29 /* AppDelegate.swift in Sources */,
				637315E424C54C8F00D88F29 /* StockWatcher.xcdatamodeld in Sources */,
				005A928224D133F800EAD474 /* HomeView.swift in Sources */,
				637315E124C54C8F00D88F29 /* SceneDelegate.swift in Sources */,
				002506A02515033A009CCB1B /* RefreshableScrollView.swift in Sources */,
			);
			runOnlyForDeploymentPostprocessing = 0;
		};
		637315F024C54C9400D88F29 /* Sources */ = {
			isa = PBXSourcesBuildPhase;
			buildActionMask = 2147483647;
			files = (
				637315F924C54C9400D88F29 /* StockWatcherTests.swift in Sources */,
			);
			runOnlyForDeploymentPostprocessing = 0;
		};
		637315FB24C54C9400D88F29 /* Sources */ = {
			isa = PBXSourcesBuildPhase;
			buildActionMask = 2147483647;
			files = (
				6373160424C54C9400D88F29 /* StockWatcherUITests.swift in Sources */,
			);
			runOnlyForDeploymentPostprocessing = 0;
		};
/* End PBXSourcesBuildPhase section */

/* Begin PBXTargetDependency section */
		637315F624C54C9400D88F29 /* PBXTargetDependency */ = {
			isa = PBXTargetDependency;
			target = 637315DA24C54C8F00D88F29 /* StockWatcher */;
			targetProxy = 637315F524C54C9400D88F29 /* PBXContainerItemProxy */;
		};
		6373160124C54C9400D88F29 /* PBXTargetDependency */ = {
			isa = PBXTargetDependency;
			target = 637315DA24C54C8F00D88F29 /* StockWatcher */;
			targetProxy = 6373160024C54C9400D88F29 /* PBXContainerItemProxy */;
		};
/* End PBXTargetDependency section */

/* Begin PBXVariantGroup section */
		637315EC24C54C9300D88F29 /* LaunchScreen.storyboard */ = {
			isa = PBXVariantGroup;
			children = (
				637315ED24C54C9300D88F29 /* Base */,
			);
			name = LaunchScreen.storyboard;
			sourceTree = "<group>";
		};
/* End PBXVariantGroup section */

/* Begin XCBuildConfiguration section */
		6373160624C54C9400D88F29 /* Debug */ = {
			isa = XCBuildConfiguration;
			buildSettings = {
				ALWAYS_SEARCH_USER_PATHS = NO;
				CLANG_ANALYZER_NONNULL = YES;
				CLANG_ANALYZER_NUMBER_OBJECT_CONVERSION = YES_AGGRESSIVE;
				CLANG_CXX_LANGUAGE_STANDARD = "gnu++14";
				CLANG_CXX_LIBRARY = "libc++";
				CLANG_ENABLE_MODULES = YES;
				CLANG_ENABLE_OBJC_ARC = YES;
				CLANG_ENABLE_OBJC_WEAK = YES;
				CLANG_WARN_BLOCK_CAPTURE_AUTORELEASING = YES;
				CLANG_WARN_BOOL_CONVERSION = YES;
				CLANG_WARN_COMMA = YES;
				CLANG_WARN_CONSTANT_CONVERSION = YES;
				CLANG_WARN_DEPRECATED_OBJC_IMPLEMENTATIONS = YES;
				CLANG_WARN_DIRECT_OBJC_ISA_USAGE = YES_ERROR;
				CLANG_WARN_DOCUMENTATION_COMMENTS = YES;
				CLANG_WARN_EMPTY_BODY = YES;
				CLANG_WARN_ENUM_CONVERSION = YES;
				CLANG_WARN_INFINITE_RECURSION = YES;
				CLANG_WARN_INT_CONVERSION = YES;
				CLANG_WARN_NON_LITERAL_NULL_CONVERSION = YES;
				CLANG_WARN_OBJC_IMPLICIT_RETAIN_SELF = YES;
				CLANG_WARN_OBJC_LITERAL_CONVERSION = YES;
				CLANG_WARN_OBJC_ROOT_CLASS = YES_ERROR;
				CLANG_WARN_QUOTED_INCLUDE_IN_FRAMEWORK_HEADER = YES;
				CLANG_WARN_RANGE_LOOP_ANALYSIS = YES;
				CLANG_WARN_STRICT_PROTOTYPES = YES;
				CLANG_WARN_SUSPICIOUS_MOVE = YES;
				CLANG_WARN_UNGUARDED_AVAILABILITY = YES_AGGRESSIVE;
				CLANG_WARN_UNREACHABLE_CODE = YES;
				CLANG_WARN__DUPLICATE_METHOD_MATCH = YES;
				COPY_PHASE_STRIP = NO;
				DEBUG_INFORMATION_FORMAT = dwarf;
				ENABLE_STRICT_OBJC_MSGSEND = YES;
				ENABLE_TESTABILITY = YES;
				GCC_C_LANGUAGE_STANDARD = gnu11;
				GCC_DYNAMIC_NO_PIC = NO;
				GCC_NO_COMMON_BLOCKS = YES;
				GCC_OPTIMIZATION_LEVEL = 0;
				GCC_PREPROCESSOR_DEFINITIONS = (
					"DEBUG=1",
					"$(inherited)",
				);
				GCC_WARN_64_TO_32_BIT_CONVERSION = YES;
				GCC_WARN_ABOUT_RETURN_TYPE = YES_ERROR;
				GCC_WARN_UNDECLARED_SELECTOR = YES;
				GCC_WARN_UNINITIALIZED_AUTOS = YES_AGGRESSIVE;
				GCC_WARN_UNUSED_FUNCTION = YES;
				GCC_WARN_UNUSED_VARIABLE = YES;
				IPHONEOS_DEPLOYMENT_TARGET = 14.0;
				MTL_ENABLE_DEBUG_INFO = INCLUDE_SOURCE;
				MTL_FAST_MATH = YES;
				ONLY_ACTIVE_ARCH = YES;
				SDKROOT = iphoneos;
				SWIFT_ACTIVE_COMPILATION_CONDITIONS = DEBUG;
				SWIFT_OPTIMIZATION_LEVEL = "-Onone";
			};
			name = Debug;
		};
		6373160724C54C9400D88F29 /* Release */ = {
			isa = XCBuildConfiguration;
			buildSettings = {
				ALWAYS_SEARCH_USER_PATHS = NO;
				CLANG_ANALYZER_NONNULL = YES;
				CLANG_ANALYZER_NUMBER_OBJECT_CONVERSION = YES_AGGRESSIVE;
				CLANG_CXX_LANGUAGE_STANDARD = "gnu++14";
				CLANG_CXX_LIBRARY = "libc++";
				CLANG_ENABLE_MODULES = YES;
				CLANG_ENABLE_OBJC_ARC = YES;
				CLANG_ENABLE_OBJC_WEAK = YES;
				CLANG_WARN_BLOCK_CAPTURE_AUTORELEASING = YES;
				CLANG_WARN_BOOL_CONVERSION = YES;
				CLANG_WARN_COMMA = YES;
				CLANG_WARN_CONSTANT_CONVERSION = YES;
				CLANG_WARN_DEPRECATED_OBJC_IMPLEMENTATIONS = YES;
				CLANG_WARN_DIRECT_OBJC_ISA_USAGE = YES_ERROR;
				CLANG_WARN_DOCUMENTATION_COMMENTS = YES;
				CLANG_WARN_EMPTY_BODY = YES;
				CLANG_WARN_ENUM_CONVERSION = YES;
				CLANG_WARN_INFINITE_RECURSION = YES;
				CLANG_WARN_INT_CONVERSION = YES;
				CLANG_WARN_NON_LITERAL_NULL_CONVERSION = YES;
				CLANG_WARN_OBJC_IMPLICIT_RETAIN_SELF = YES;
				CLANG_WARN_OBJC_LITERAL_CONVERSION = YES;
				CLANG_WARN_OBJC_ROOT_CLASS = YES_ERROR;
				CLANG_WARN_QUOTED_INCLUDE_IN_FRAMEWORK_HEADER = YES;
				CLANG_WARN_RANGE_LOOP_ANALYSIS = YES;
				CLANG_WARN_STRICT_PROTOTYPES = YES;
				CLANG_WARN_SUSPICIOUS_MOVE = YES;
				CLANG_WARN_UNGUARDED_AVAILABILITY = YES_AGGRESSIVE;
				CLANG_WARN_UNREACHABLE_CODE = YES;
				CLANG_WARN__DUPLICATE_METHOD_MATCH = YES;
				COPY_PHASE_STRIP = NO;
				DEBUG_INFORMATION_FORMAT = "dwarf-with-dsym";
				ENABLE_NS_ASSERTIONS = NO;
				ENABLE_STRICT_OBJC_MSGSEND = YES;
				GCC_C_LANGUAGE_STANDARD = gnu11;
				GCC_NO_COMMON_BLOCKS = YES;
				GCC_WARN_64_TO_32_BIT_CONVERSION = YES;
				GCC_WARN_ABOUT_RETURN_TYPE = YES_ERROR;
				GCC_WARN_UNDECLARED_SELECTOR = YES;
				GCC_WARN_UNINITIALIZED_AUTOS = YES_AGGRESSIVE;
				GCC_WARN_UNUSED_FUNCTION = YES;
				GCC_WARN_UNUSED_VARIABLE = YES;
				IPHONEOS_DEPLOYMENT_TARGET = 14.0;
				MTL_ENABLE_DEBUG_INFO = NO;
				MTL_FAST_MATH = YES;
				SDKROOT = iphoneos;
				SWIFT_COMPILATION_MODE = wholemodule;
				SWIFT_OPTIMIZATION_LEVEL = "-O";
				VALIDATE_PRODUCT = YES;
			};
			name = Release;
		};
		6373160924C54C9400D88F29 /* Debug */ = {
			isa = XCBuildConfiguration;
			buildSettings = {
				ASSETCATALOG_COMPILER_APPICON_NAME = AppIcon;
				CODE_SIGN_STYLE = Automatic;
				DEVELOPMENT_ASSET_PATHS = "\"StockWatcher/Preview Content\"";
				DEVELOPMENT_TEAM = 9A3VS9ZD94;
				ENABLE_PREVIEWS = YES;
				INFOPLIST_FILE = "StockWatcher/Property Files/Info.plist";
				LD_RUNPATH_SEARCH_PATHS = (
					"$(inherited)",
					"@executable_path/Frameworks",
				);
				PRODUCT_BUNDLE_IDENTIFIER = com.UsulFish.StockWatcher;
				PRODUCT_NAME = "$(TARGET_NAME)";
				SWIFT_VERSION = 5.0;
				TARGETED_DEVICE_FAMILY = "1,2";
			};
			name = Debug;
		};
		6373160A24C54C9400D88F29 /* Release */ = {
			isa = XCBuildConfiguration;
			buildSettings = {
				ASSETCATALOG_COMPILER_APPICON_NAME = AppIcon;
				CODE_SIGN_STYLE = Automatic;
				DEVELOPMENT_ASSET_PATHS = "\"StockWatcher/Preview Content\"";
				DEVELOPMENT_TEAM = 9A3VS9ZD94;
				ENABLE_PREVIEWS = YES;
				INFOPLIST_FILE = "StockWatcher/Property Files/Info.plist";
				LD_RUNPATH_SEARCH_PATHS = (
					"$(inherited)",
					"@executable_path/Frameworks",
				);
				PRODUCT_BUNDLE_IDENTIFIER = com.UsulFish.StockWatcher;
				PRODUCT_NAME = "$(TARGET_NAME)";
				SWIFT_VERSION = 5.0;
				TARGETED_DEVICE_FAMILY = "1,2";
			};
			name = Release;
		};
		6373160C24C54C9400D88F29 /* Debug */ = {
			isa = XCBuildConfiguration;
			buildSettings = {
				ALWAYS_EMBED_SWIFT_STANDARD_LIBRARIES = YES;
				BUNDLE_LOADER = "$(TEST_HOST)";
				CODE_SIGN_STYLE = Automatic;
				DEVELOPMENT_TEAM = 9A3VS9ZD94;
				INFOPLIST_FILE = StockWatcherTests/Info.plist;
				IPHONEOS_DEPLOYMENT_TARGET = 14.0;
				LD_RUNPATH_SEARCH_PATHS = (
					"$(inherited)",
					"@executable_path/Frameworks",
					"@loader_path/Frameworks",
				);
				PRODUCT_BUNDLE_IDENTIFIER = com.UsulFish.StockWatcherTests;
				PRODUCT_NAME = "$(TARGET_NAME)";
				SWIFT_VERSION = 5.0;
				TARGETED_DEVICE_FAMILY = "1,2";
				TEST_HOST = "$(BUILT_PRODUCTS_DIR)/StockWatcher.app/StockWatcher";
			};
			name = Debug;
		};
		6373160D24C54C9400D88F29 /* Release */ = {
			isa = XCBuildConfiguration;
			buildSettings = {
				ALWAYS_EMBED_SWIFT_STANDARD_LIBRARIES = YES;
				BUNDLE_LOADER = "$(TEST_HOST)";
				CODE_SIGN_STYLE = Automatic;
				DEVELOPMENT_TEAM = 9A3VS9ZD94;
				INFOPLIST_FILE = StockWatcherTests/Info.plist;
				IPHONEOS_DEPLOYMENT_TARGET = 14.0;
				LD_RUNPATH_SEARCH_PATHS = (
					"$(inherited)",
					"@executable_path/Frameworks",
					"@loader_path/Frameworks",
				);
				PRODUCT_BUNDLE_IDENTIFIER = com.UsulFish.StockWatcherTests;
				PRODUCT_NAME = "$(TARGET_NAME)";
				SWIFT_VERSION = 5.0;
				TARGETED_DEVICE_FAMILY = "1,2";
				TEST_HOST = "$(BUILT_PRODUCTS_DIR)/StockWatcher.app/StockWatcher";
			};
			name = Release;
		};
		6373160F24C54C9400D88F29 /* Debug */ = {
			isa = XCBuildConfiguration;
			buildSettings = {
				ALWAYS_EMBED_SWIFT_STANDARD_LIBRARIES = YES;
				CODE_SIGN_STYLE = Automatic;
				DEVELOPMENT_TEAM = 9A3VS9ZD94;
				INFOPLIST_FILE = StockWatcherUITests/Info.plist;
				LD_RUNPATH_SEARCH_PATHS = (
					"$(inherited)",
					"@executable_path/Frameworks",
					"@loader_path/Frameworks",
				);
				PRODUCT_BUNDLE_IDENTIFIER = com.UsulFish.StockWatcherUITests;
				PRODUCT_NAME = "$(TARGET_NAME)";
				SWIFT_VERSION = 5.0;
				TARGETED_DEVICE_FAMILY = "1,2";
				TEST_TARGET_NAME = StockWatcher;
			};
			name = Debug;
		};
		6373161024C54C9400D88F29 /* Release */ = {
			isa = XCBuildConfiguration;
			buildSettings = {
				ALWAYS_EMBED_SWIFT_STANDARD_LIBRARIES = YES;
				CODE_SIGN_STYLE = Automatic;
				DEVELOPMENT_TEAM = 9A3VS9ZD94;
				INFOPLIST_FILE = StockWatcherUITests/Info.plist;
				LD_RUNPATH_SEARCH_PATHS = (
					"$(inherited)",
					"@executable_path/Frameworks",
					"@loader_path/Frameworks",
				);
				PRODUCT_BUNDLE_IDENTIFIER = com.UsulFish.StockWatcherUITests;
				PRODUCT_NAME = "$(TARGET_NAME)";
				SWIFT_VERSION = 5.0;
				TARGETED_DEVICE_FAMILY = "1,2";
				TEST_TARGET_NAME = StockWatcher;
			};
			name = Release;
		};
/* End XCBuildConfiguration section */

/* Begin XCConfigurationList section */
		637315D624C54C8F00D88F29 /* Build configuration list for PBXProject "StockWatcher" */ = {
			isa = XCConfigurationList;
			buildConfigurations = (
				6373160624C54C9400D88F29 /* Debug */,
				6373160724C54C9400D88F29 /* Release */,
			);
			defaultConfigurationIsVisible = 0;
			defaultConfigurationName = Release;
		};
		6373160824C54C9400D88F29 /* Build configuration list for PBXNativeTarget "StockWatcher" */ = {
			isa = XCConfigurationList;
			buildConfigurations = (
				6373160924C54C9400D88F29 /* Debug */,
				6373160A24C54C9400D88F29 /* Release */,
			);
			defaultConfigurationIsVisible = 0;
			defaultConfigurationName = Release;
		};
		6373160B24C54C9400D88F29 /* Build configuration list for PBXNativeTarget "StockWatcherTests" */ = {
			isa = XCConfigurationList;
			buildConfigurations = (
				6373160C24C54C9400D88F29 /* Debug */,
				6373160D24C54C9400D88F29 /* Release */,
			);
			defaultConfigurationIsVisible = 0;
			defaultConfigurationName = Release;
		};
		6373160E24C54C9400D88F29 /* Build configuration list for PBXNativeTarget "StockWatcherUITests" */ = {
			isa = XCConfigurationList;
			buildConfigurations = (
				6373160F24C54C9400D88F29 /* Debug */,
				6373161024C54C9400D88F29 /* Release */,
			);
			defaultConfigurationIsVisible = 0;
			defaultConfigurationName = Release;
		};
/* End XCConfigurationList section */

/* Begin XCVersionGroup section */
		637315E224C54C8F00D88F29 /* StockWatcher.xcdatamodeld */ = {
			isa = XCVersionGroup;
			children = (
				637315E324C54C8F00D88F29 /* StockWatcher.xcdatamodel */,
			);
			currentVersion = 637315E324C54C8F00D88F29 /* StockWatcher.xcdatamodel */;
			path = StockWatcher.xcdatamodeld;
			sourceTree = "<group>";
			versionGroupType = wrapper.xcdatamodel;
		};
/* End XCVersionGroup section */
	};
	rootObject = 637315D324C54C8F00D88F29 /* Project object */;
}
